golang.org/x/exp v0.0.0-20240613232115-7f521ea00fb8 h1:yixxcjnhBmY0nkL253HFVIm0JsFHwrHdT3Yh6szTnfY=
golang.org/x/exp v0.0.0-20240613232115-7f521ea00fb8/go.mod h1:jj3sYF3dwk5D+ghuXyeI3r5MFf+NT2An6/9dOA95KSI=
golang.org/x/exp v0.0.0-20241009180824-f66d83c29e7c h1:7dEasQXItcW1xKJ2+gg5VOiBnqWrJc+rq0DPKyvvdbY=
golang.org/x/exp v0.0.0-20241009180824-f66d83c29e7c/go.mod h1:NQtJDoLvd6faHhE7m4T/1IY708gDefGGjR/iUW8yQQ8=
xabbo.b7c.io/goearth v0.3.2 h1:39HsC875XEcRZ4dQimaBtnCyFs9AYP2oWyFZ3aBP1KM=
xabbo.b7c.io/goearth v0.3.2/go.mod h1:2SdOFXPXIW/+XAFw31E4kFTFuO5bpUiqNKG0rU/NeBQ=
xabbo.b7c.io/goearth v0.5.0 h1:G0mCt0sUmEsjWoJP/ts71ggx2gHfhESllkd8GtxbRZs=
xabbo.b7c.io/goearth v0.5.0/go.mod h1:6s+shq3X0CO5L2Jt6t6yHMCzsNHA1jU2IbpvOqgFkpo=
